
Microsoft Visual Studio Solution File, Format Version 12.00
# Visual Studio Version 16
VisualStudioVersion = 16.0.29613.14
MinimumVisualStudioVersion = 10.0.40219.1
Project("{9A19103F-16F7-4668-BE54-9A1E7A4F7556}") = "MySSO", "MySSO\MySSO.csproj", "{44CD4285-9AFC-41CA-9710-13DE958DF548}"
EndProject
Project("{2150E333-8FDC-42A3-9474-1A3956D46DE8}") = "01 Server", "01 Server", "{1ABB459C-A952-4E57-AE3F-34FB0DBF91C7}"
EndProject
Project("{2150E333-8FDC-42A3-9474-1A3956D46DE8}") = "02 DataLayer", "02 DataLayer", "{1AC6DD2F-2F04-4DC0-9A3A-98D681333329}"
EndProject
Project("{FAE04EC0-301F-11D3-BF4B-00C04F79EFBC}") = "MySSO.EF", "MySSO.EF\MySSO.EF.csproj", "{9F40A0B5-C38A-4135-B498-31BFFDC6E08A}"
EndProject
Project("{FAE04EC0-301F-11D3-BF4B-00C04F79EFBC}") = "MySSO.Entity", "MySSO.Entity\MySSO.Entity.csproj", "{75200F2E-C62C-4C7C-9137-6CAF4F84715D}"
EndProject
Project("{FAE04EC0-301F-11D3-BF4B-00C04F79EFBC}") = "MySSO.Services", "MySSO.Services\MySSO.Services.csproj", "{B0DE6BC6-56BE-467E-BEA6-623369B65C28}"
EndProject
Global
	GlobalSection(SolutionConfigurationPlatforms) = preSolution
		Debug|Any CPU = Debug|Any CPU
		Release|Any CPU = Release|Any CPU
	EndGlobalSection
	GlobalSection(ProjectConfigurationPlatforms) = postSolution
		{44CD4285-9AFC-41CA-9710-13DE958DF548}.Debug|Any CPU.ActiveCfg = Debug|Any CPU
		{44CD4285-9AFC-41CA-9710-13DE958DF548}.Debug|Any CPU.Build.0 = Debug|Any CPU
		{44CD4285-9AFC-41CA-9710-13DE958DF548}.Release|Any CPU.ActiveCfg = Release|Any CPU
		{44CD4285-9AFC-41CA-9710-13DE958DF548}.Release|Any CPU.Build.0 = Release|Any CPU
		{9F40A0B5-C38A-4135-B498-31BFFDC6E08A}.Debug|Any CPU.ActiveCfg = Debug|Any CPU
		{9F40A0B5-C38A-4135-B498-31BFFDC6E08A}.Debug|Any CPU.Build.0 = Debug|Any CPU
		{9F40A0B5-C38A-4135-B498-31BFFDC6E08A}.Release|Any CPU.ActiveCfg = Release|Any CPU
		{9F40A0B5-C38A-4135-B498-31BFFDC6E08A}.Release|Any CPU.Build.0 = Release|Any CPU
		{75200F2E-C62C-4C7C-9137-6CAF4F84715D}.Debug|Any CPU.ActiveCfg = Debug|Any CPU
		{75200F2E-C62C-4C7C-9137-6CAF4F84715D}.Debug|Any CPU.Build.0 = Debug|Any CPU
		{75200F2E-C62C-4C7C-9137-6CAF4F84715D}.Release|Any CPU.ActiveCfg = Release|Any CPU
		{75200F2E-C62C-4C7C-9137-6CAF4F84715D}.Release|Any CPU.Build.0 = Release|Any CPU
		{B0DE6BC6-56BE-467E-BEA6-623369B65C28}.Debug|Any CPU.ActiveCfg = Debug|Any CPU
		{B0DE6BC6-56BE-467E-BEA6-623369B65C28}.Debug|Any CPU.Build.0 = Debug|Any CPU
		{B0DE6BC6-56BE-467E-BEA6-623369B65C28}.Release|Any CPU.ActiveCfg = Release|Any CPU
		{B0DE6BC6-56BE-467E-BEA6-623369B65C28}.Release|Any CPU.Build.0 = Release|Any CPU
	EndGlobalSection
	GlobalSection(SolutionProperties) = preSolution
		HideSolutionNode = FALSE
	EndGlobalSection
	GlobalSection(NestedProjects) = preSolution
		{44CD4285-9AFC-41CA-9710-13DE958DF548} = {1ABB459C-A952-4E57-AE3F-34FB0DBF91C7}
		{9F40A0B5-C38A-4135-B498-31BFFDC6E08A} = {1AC6DD2F-2F04-4DC0-9A3A-98D681333329}
		{75200F2E-C62C-4C7C-9137-6CAF4F84715D} = {1AC6DD2F-2F04-4DC0-9A3A-98D681333329}
		{B0DE6BC6-56BE-467E-BEA6-623369B65C28} = {1AC6DD2F-2F04-4DC0-9A3A-98D681333329}
	EndGlobalSection
	GlobalSection(ExtensibilityGlobals) = postSolution
		SolutionGuid = {23050B91-C682-44FB-80F4-447C4CAB5575}
	EndGlobalSection
EndGlobal
